Microsoft Visual Studio Solution File, Format Version 12.00
# Visual Studio 2012
Project("{FAE04EC0-301F-11D3-BF4B-00C04F79EFBC}") = "ExperimentalFPS", "ExperimentalFPS.csproj", "{DB0711D1-F280-4DD8-8444-BBEA7E4D2BA1}"
EndProject
Global
	GlobalSection(SolutionConfigurationPlatforms) = preSolution
	Debug|Any CPU = Debug|Any CPU
	ExportDebug|Any CPU = ExportDebug|Any CPU
	ExportRelease|Any CPU = ExportRelease|Any CPU
	EndGlobalSection
	GlobalSection(ProjectConfigurationPlatforms) = postSolution
		{DB0711D1-F280-4DD8-8444-BBEA7E4D2BA1}.Debug|Any CPU.ActiveCfg = Debug|Any CPU
		{DB0711D1-F280-4DD8-8444-BBEA7E4D2BA1}.Debug|Any CPU.Build.0 = Debug|Any CPU
		{DB0711D1-F280-4DD8-8444-BBEA7E4D2BA1}.ExportDebug|Any CPU.ActiveCfg = ExportDebug|Any CPU
		{DB0711D1-F280-4DD8-8444-BBEA7E4D2BA1}.ExportDebug|Any CPU.Build.0 = ExportDebug|Any CPU
		{DB0711D1-F280-4DD8-8444-BBEA7E4D2BA1}.ExportRelease|Any CPU.ActiveCfg = ExportRelease|Any CPU
		{DB0711D1-F280-4DD8-8444-BBEA7E4D2BA1}.ExportRelease|Any CPU.Build.0 = ExportRelease|Any CPU
	EndGlobalSection
EndGlobal
